
Microsoft Visual Studio Solution File, Format Version 12.00
# Visual Studio Version 17
VisualStudioVersion = 17.5.002.0
MinimumVisualStudioVersion = 10.0.40219.1
Project("{9A19103F-16F7-4668-BE54-9A1E7A4F7556}") = "GCook", "GCook\GCook.csproj", "{30EFC53D-7DCA-4478-AF01-2B3666CFAFBC}"
EndProject
Global
	GlobalSection(SolutionConfigurationPlatforms) = preSolution
		Debug|Any CPU = Debug|Any CPU
		Release|Any CPU = Release|Any CPU
	EndGlobalSection
	GlobalSection(ProjectConfigurationPlatforms) = postSolution
		{30EFC53D-7DCA-4478-AF01-2B3666CFAFBC}.Debug|Any CPU.ActiveCfg = Debug|Any CPU
		{30EFC53D-7DCA-4478-AF01-2B3666CFAFBC}.Debug|Any CPU.Build.0 = Debug|Any CPU
		{30EFC53D-7DCA-4478-AF01-2B3666CFAFBC}.Release|Any CPU.ActiveCfg = Release|Any CPU
		{30EFC53D-7DCA-4478-AF01-2B3666CFAFBC}.Release|Any CPU.Build.0 = Release|Any CPU
	EndGlobalSection
	GlobalSection(SolutionProperties) = preSolution
		HideSolutionNode = FALSE
	EndGlobalSection
	GlobalSection(ExtensibilityGlobals) = postSolution
		SolutionGuid = {DCCEDFCC-2784-46F0-96FD-B4ECB9362B25}
	EndGlobalSection
EndGlobal
